
Microsoft Visual Studio Solution File, Format Version 12.00
# Visual Studio Version 16
VisualStudioVersion = 16.0.30703.110
MinimumVisualStudioVersion = 10.0.40219.1
Project("{8BC9CEB8-8B4A-11D0-8D11-00A0C91BC942}") = "第一次作业", "第一次作业\第一次作业.vcxproj", "{0DF3240A-8FF6-4589-8049-A569FDD61CCB}"
EndProject
Global
	GlobalSection(SolutionConfigurationPlatforms) = preSolution
		Debug|x64 = Debug|x64
		Debug|x86 = Debug|x86
		Release|x64 = Release|x64
		Release|x86 = Release|x86
	EndGlobalSection
	GlobalSection(ProjectConfigurationPlatforms) = postSolution
		{0DF3240A-8FF6-4589-8049-A569FDD61CCB}.Debug|x64.ActiveCfg = Debug|x64
		{0DF3240A-8FF6-4589-8049-A569FDD61CCB}.Debug|x64.Build.0 = Debug|x64
		{0DF3240A-8FF6-4589-8049-A569FDD61CCB}.Debug|x86.ActiveCfg = Debug|Win32
		{0DF3240A-8FF6-4589-8049-A569FDD61CCB}.Debug|x86.Build.0 = Debug|Win32
		{0DF3240A-8FF6-4589-8049-A569FDD61CCB}.Release|x64.ActiveCfg = Release|x64
		{0DF3240A-8FF6-4589-8049-A569FDD61CCB}.Release|x64.Build.0 = Release|x64
		{0DF3240A-8FF6-4589-8049-A569FDD61CCB}.Release|x86.ActiveCfg = Release|Win32
		{0DF3240A-8FF6-4589-8049-A569FDD61CCB}.Release|x86.Build.0 = Release|Win32
	EndGlobalSection
	GlobalSection(SolutionProperties) = preSolution
		HideSolutionNode = FALSE
	EndGlobalSection
	GlobalSection(ExtensibilityGlobals) = postSolution
		SolutionGuid = {A671F591-903F-4EFC-81D1-3DD246DAAAED}
	EndGlobalSection
EndGlobal
